
Microsoft Visual Studio Solution File, Format Version 12.00
# Visual Studio 14
VisualStudioVersion = 14.0.25420.1
MinimumVisualStudioVersion = 10.0.40219.1
Project("{FAE04EC0-301F-11D3-BF4B-00C04F79EFBC}") = "GitWrap", "GitWrap\GitWrap.csproj", "{5020A057-E361-443B-80D1-0A28CF403439}"
EndProject
Global
	GlobalSection(SolutionConfigurationPlatforms) = preSolution
		Debug|Any CPU = Debug|Any CPU
		Release|Any CPU = Release|Any CPU
	EndGlobalSection
	GlobalSection(ProjectConfigurationPlatforms) = postSolution
		{5020A057-E361-443B-80D1-0A28CF403439}.Debug|Any CPU.ActiveCfg = Debug|x64
		{5020A057-E361-443B-80D1-0A28CF403439}.Debug|Any CPU.Build.0 = Debug|x64
		{5020A057-E361-443B-80D1-0A28CF403439}.Release|Any CPU.ActiveCfg = Release|Any CPU
		{5020A057-E361-443B-80D1-0A28CF403439}.Release|Any CPU.Build.0 = Release|Any CPU
	EndGlobalSection
	GlobalSection(SolutionProperties) = preSolution
		HideSolutionNode = FALSE
	EndGlobalSection
EndGlobal
